
Microsoft Visual Studio Solution File, Format Version 12.00
# Visual Studio 15
VisualStudioVersion = 15.0.28307.421
MinimumVisualStudioVersion = 10.0.40219.1
Project("{FAE04EC0-301F-11D3-BF4B-00C04F79EFBC}") = "GetWorkItems", "GetWorkItems\GetWorkItems.csproj", "{B7462894-A5B4-4B33-A52D-FB99280E99DB}"
EndProject
Project("{FAE04EC0-301F-11D3-BF4B-00C04F79EFBC}") = "GetWorkItems.Model", "GetWorkItems.Model\GetWorkItems.Model.csproj", "{03CF7F28-E62C-49FC-93AA-2A1CF5E69627}"
EndProject
Project("{FAE04EC0-301F-11D3-BF4B-00C04F79EFBC}") = "GetWorkItems.API", "GetWorkItems.API\GetWorkItems.API.csproj", "{86572904-6777-4AFE-BC19-2E492CEE13B6}"
EndProject
Global
	GlobalSection(SolutionConfigurationPlatforms) = preSolution
		Debug|Any CPU = Debug|Any CPU
		Release|Any CPU = Release|Any CPU
	EndGlobalSection
	GlobalSection(ProjectConfigurationPlatforms) = postSolution
		{B7462894-A5B4-4B33-A52D-FB99280E99DB}.Debug|Any CPU.ActiveCfg = Debug|Any CPU
		{B7462894-A5B4-4B33-A52D-FB99280E99DB}.Debug|Any CPU.Build.0 = Debug|Any CPU
		{B7462894-A5B4-4B33-A52D-FB99280E99DB}.Release|Any CPU.ActiveCfg = Release|Any CPU
		{B7462894-A5B4-4B33-A52D-FB99280E99DB}.Release|Any CPU.Build.0 = Release|Any CPU
		{03CF7F28-E62C-49FC-93AA-2A1CF5E69627}.Debug|Any CPU.ActiveCfg = Debug|Any CPU
		{03CF7F28-E62C-49FC-93AA-2A1CF5E69627}.Debug|Any CPU.Build.0 = Debug|Any CPU
		{03CF7F28-E62C-49FC-93AA-2A1CF5E69627}.Release|Any CPU.ActiveCfg = Release|Any CPU
		{03CF7F28-E62C-49FC-93AA-2A1CF5E69627}.Release|Any CPU.Build.0 = Release|Any CPU
		{86572904-6777-4AFE-BC19-2E492CEE13B6}.Debug|Any CPU.ActiveCfg = Debug|Any CPU
		{86572904-6777-4AFE-BC19-2E492CEE13B6}.Debug|Any CPU.Build.0 = Debug|Any CPU
		{86572904-6777-4AFE-BC19-2E492CEE13B6}.Release|Any CPU.ActiveCfg = Release|Any CPU
		{86572904-6777-4AFE-BC19-2E492CEE13B6}.Release|Any CPU.Build.0 = Release|Any CPU
	EndGlobalSection
	GlobalSection(SolutionProperties) = preSolution
		HideSolutionNode = FALSE
	EndGlobalSection
	GlobalSection(ExtensibilityGlobals) = postSolution
		SolutionGuid = {28EA000B-142D-467F-B206-49D28D1AD5EC}
	EndGlobalSection
EndGlobal
